// !$*UTF8*$!
{
	archiveVersion = 1;
	classes = {
	};
	objectVersion = 46;
	objects = {

/* Begin PBXBuildFile section */
		22E86B7E1B7212460011EB34 /* main.m in Sources */ = {isa = PBXBuildFile; fileRef = 22E86B7D1B7212460011EB34 /* main.m */; };
		22E86B811B7212460011EB34 /* AppDelegate.m in Sources */ = {isa = PBXBuildFile; fileRef = 22E86B801B7212460011EB34 /* AppDelegate.m */; };
		22E86B841B7212460011EB34 /* ViewController.m in Sources */ = {isa = PBXBuildFile; fileRef = 22E86B831B7212460011EB34 /* ViewController.m */; };
		22E86B871B7212460011EB34 /* Main.storyboard in Resources */ = {isa = PBXBuildFile; fileRef = 22E86B851B7212460011EB34 /* Main.storyboard */; };
		22E86B891B7212460011EB34 /* Images.xcassets in Resources */ = {isa = PBXBuildFile; fileRef = 22E86B881B7212460011EB34 /* Images.xcassets */; };
		22E86B8C1B7212460011EB34 /* LaunchScreen.xib in Resources */ = {isa = PBXBuildFile; fileRef = 22E86B8A1B7212460011EB34 /* LaunchScreen.xib */; };
		22E86B981B7212460011EB34 /* DefineTabbarTests.m in Sources */ = {isa = PBXBuildFile; fileRef = 22E86B971B7212460011EB34 /* DefineTabbarTests.m */; };
		22E86BA91B7212980011EB34 /* FirstViewController.m in Sources */ = {isa = PBXBuildFile; fileRef = 22E86BA21B7212980011EB34 /* FirstViewController.m */; };
		22E86BAA1B7212980011EB34 /* RootTabbar.m in Sources */ = {isa = PBXBuildFile; fileRef = 22E86BA41B7212980011EB34 /* RootTabbar.m */; };
		22E86BAB1B7212980011EB34 /* SecondViewController.m in Sources */ = {isa = PBXBuildFile; fileRef = 22E86BA61B7212980011EB34 /* SecondViewController.m */; };
		22E86BAC1B7212980011EB34 /* ThirdViewController.m in Sources */ = {isa = PBXBuildFile; fileRef = 22E86BA81B7212980011EB34 /* ThirdViewController.m */; };
/* End PBXBuildFile section */

/* Begin PBXContainerItemProxy section */
		22E86B921B7212460011EB34 /* PBXContainerItemProxy */ = {
			isa = PBXContainerItemProxy;
			containerPortal = 22E86B701B7212460011EB34 /* Project object */;
			proxyType = 1;
			remoteGlobalIDString = 22E86B771B7212460011EB34;
			remoteInfo = DefineTabbar;
		};
/* End PBXContainerItemProxy section */

/* Begin PBXFileReference section */
		22E86B781B7212460011EB34 /* DefineTabbar.app */ = {isa = PBXFileReference; explicitFileType = wrapper.application; includeInIndex = 0; path = DefineTabbar.app; sourceTree = BUILT_PRODUCTS_DIR; };
		22E86B7C1B7212460011EB34 /* Info.plist */ = {isa = PBXFileReference; lastKnownFileType = text.plist.xml; path = Info.plist; sourceTree = "<group>"; };
		22E86B7D1B7212460011EB34 /* main.m */ = {isa = PBXFileReference; lastKnownFileType = sourcecode.c.objc; path = main.m; sourceTree = "<group>"; };
		22E86B7F1B7212460011EB34 /* AppDelegate.h */ = {isa = PBXFileReference; lastKnownFileType = sourcecode.c.h; path = AppDelegate.h; sourceTree = "<group>"; };
		22E86B801B7212460011EB34 /* AppDelegate.m */ = {isa = PBXFileReference; lastKnownFileType = sourcecode.c.objc; path = AppDelegate.m; sourceTree = "<group>"; };
		22E86B821B7212460011EB34 /* ViewController.h */ = {isa = PBXFileReference; lastKnownFileType = sourcecode.c.h; path = ViewController.h; sourceTree = "<group>"; };
		22E86B831B7212460011EB34 /* ViewController.m */ = {isa = PBXFileReference; lastKnownFileType = sourcecode.c.objc; path = ViewController.m; sourceTree = "<group>"; };
		22E86B861B7212460011EB34 /* Base */ = {isa = PBXFileReference; lastKnownFileType = file.storyboard; name = Base; path = Base.lproj/Main.storyboard; sourceTree = "<group>"; };
		22E86B881B7212460011EB34 /* Images.xcassets */ = {isa = PBXFileReference; lastKnownFileType = folder.assetcatalog; path = Images.xcassets; sourceTree = "<group>"; };
		22E86B8B1B7212460011EB34 /* Base */ = {isa = PBXFileReference; lastKnownFileType = file.xib; name = Base; path = Base.lproj/LaunchScreen.xib; sourceTree = "<group>"; };
		22E86B911B7212460011EB34 /* DefineTabbarTests.xctest */ = {isa = PBXFileReference; explicitFileType = wrapper.cfbundle; includeInIndex = 0; path = DefineTabbarTests.xctest; sourceTree = BUILT_PRODUCTS_DIR; };
		22E86B961B7212460011EB34 /* Info.plist */ = {isa = PBXFileReference; lastKnownFileType = text.plist.xml; path = Info.plist; sourceTree = "<group>"; };
		22E86B971B7212460011EB34 /* DefineTabbarTests.m */ = {isa = PBXFileReference; lastKnownFileType = sourcecode.c.objc; path = DefineTabbarTests.m; sourceTree = "<group>"; };
		22E86BA11B7212980011EB34 /* FirstViewController.h */ = {isa = PBXFileReference; fileEncoding = 4; lastKnownFileType = sourcecode.c.h; path = FirstViewController.h; sourceTree = "<group>"; };
		22E86BA21B7212980011EB34 /* FirstViewController.m */ = {isa = PBXFileReference; fileEncoding = 4; lastKnownFileType = sourcecode.c.objc; path = FirstViewController.m; sourceTree = "<group>"; };
		22E86BA31B7212980011EB34 /* RootTabbar.h */ = {isa = PBXFileReference; fileEncoding = 4; lastKnownFileType = sourcecode.c.h; path = RootTabbar.h; sourceTree = "<group>"; };
		22E86BA41B7212980011EB34 /* RootTabbar.m */ = {isa = PBXFileReference; fileEncoding = 4; lastKnownFileType = sourcecode.c.objc; path = RootTabbar.m; sourceTree = "<group>"; };
		22E86BA51B7212980011EB34 /* SecondViewController.h */ = {isa = PBXFileReference; fileEncoding = 4; lastKnownFileType = sourcecode.c.h; path = SecondViewController.h; sourceTree = "<group>"; };
		22E86BA61B7212980011EB34 /* SecondViewController.m */ = {isa = PBXFileReference; fileEncoding = 4; lastKnownFileType = sourcecode.c.objc; path = SecondViewController.m; sourceTree = "<group>"; };
		22E86BA71B7212980011EB34 /* ThirdViewController.h */ = {isa = PBXFileReference; fileEncoding = 4; lastKnownFileType = sourcecode.c.h; path = ThirdViewController.h; sourceTree = "<group>"; };
		22E86BA81B7212980011EB34 /* ThirdViewController.m */ = {isa = PBXFileReference; fileEncoding = 4; lastKnownFileType = sourcecode.c.objc; path = ThirdViewController.m; sourceTree = "<group>"; };
/* End PBXFileReference section */

/* Begin PBXFrameworksBuildPhase section */
		22E86B751B7212460011EB34 /* Frameworks */ = {
			isa = PBXFrameworksBuildPhase;
			buildActionMask = 2147483647;
			files = (
			);
			runOnlyForDeploymentPostprocessing = 0;
		};
		22E86B8E1B7212460011EB34 /* Frameworks */ = {
			isa = PBXFrameworksBuildPhase;
			buildActionMask = 2147483647;
			files = (
			);
			runOnlyForDeploymentPostprocessing = 0;
		};
/* End PBXFrameworksBuildPhase section */

/* Begin PBXGroup section */
		22E86B6F1B7212460011EB34 = {
			isa = PBXGroup;
			children = (
				22E86B7A1B7212460011EB34 /* DefineTabbar */,
				22E86B941B7212460011EB34 /* DefineTabbarTests */,
				22E86B791B7212460011EB34 /* Products */,
			);
			sourceTree = "<group>";
		};
		22E86B791B7212460011EB34 /* Products */ = {
			isa = PBXGroup;
			children = (
				22E86B781B7212460011EB34 /* DefineTabbar.app */,
				22E86B911B7212460011EB34 /* DefineTabbarTests.xctest */,
			);
			name = Products;
			sourceTree = "<group>";
		};
		22E86B7A1B7212460011EB34 /* DefineTabbar */ = {
			isa = PBXGroup;
			children = (
				22E86B7F1B7212460011EB34 /* AppDelegate.h */,
				22E86B801B7212460011EB34 /* AppDelegate.m */,
				22E86B821B7212460011EB34 /* ViewController.h */,
				22E86B831B7212460011EB34 /* ViewController.m */,
				22E86BA11B7212980011EB34 /* FirstViewController.h */,
				22E86BA21B7212980011EB34 /* FirstViewController.m */,
				22E86BA31B7212980011EB34 /* RootTabbar.h */,
				22E86BA41B7212980011EB34 /* RootTabbar.m */,
				22E86BA51B7212980011EB34 /* SecondViewController.h */,
				22E86BA61B7212980011EB34 /* SecondViewController.m */,
				22E86BA71B7212980011EB34 /* ThirdViewController.h */,
				22E86BA81B7212980011EB34 /* ThirdViewController.m */,
				22E86B851B7212460011EB34 /* Main.storyboard */,
				22E86B881B7212460011EB34 /* Images.xcassets */,
				22E86B8A1B7212460011EB34 /* LaunchScreen.xib */,
				22E86B7B1B7212460011EB34 /* Supporting Files */,
			);
			path = DefineTabbar;
			sourceTree = "<group>";
		};
		22E86B7B1B7212460011EB34 /* Supporting Files */ = {
			isa = PBXGroup;
			children = (
				22E86B7C1B7212460011EB34 /* Info.plist */,
				22E86B7D1B7212460011EB34 /* main.m */,
			);
			name = "Supporting Files";
			sourceTree = "<group>";
		};
		22E86B941B7212460011EB34 /* DefineTabbarTests */ = {
			isa = PBXGroup;
			children = (
				22E86B971B7212460011EB34 /* DefineTabbarTests.m */,
				22E86B951B7212460011EB34 /* Supporting Files */,
			);
			path = DefineTabbarTests;
			sourceTree = "<group>";
		};
		22E86B951B7212460011EB34 /* Supporting Files */ = {
			isa = PBXGroup;
			children = (
				22E86B961B7212460011EB34 /* Info.plist */,
			);
			name = "Supporting Files";
			sourceTree = "<group>";
		};
/* End PBXGroup section */

/* Begin PBXNativeTarget section */
		22E86B771B7212460011EB34 /* DefineTabbar */ = {
			isa = PBXNativeTarget;
			buildConfigurationList = 22E86B9B1B7212460011EB34 /* Build configuration list for PBXNativeTarget "DefineTabbar" */;
			buildPhases = (
				22E86B741B7212460011EB34 /* Sources */,
				22E86B751B7212460011EB34 /* Frameworks */,
				22E86B761B7212460011EB34 /* Resources */,
			);
			buildRules = (
			);
			dependencies = (
			);
			name = DefineTabbar;
			productName = DefineTabbar;
			productReference = 22E86B781B7212460011EB34 /* DefineTabbar.app */;
			productType = "com.apple.product-type.application";
		};
		22E86B901B7212460011EB34 /* DefineTabbarTests */ = {
			isa = PBXNativeTarget;
			buildConfigurationList = 22E86B9E1B7212460011EB34 /* Build configuration list for PBXNativeTarget "DefineTabbarTests" */;
			buildPhases = (
				22E86B8D1B7212460011EB34 /* Sources */,
				22E86B8E1B7212460011EB34 /* Frameworks */,
				22E86B8F1B7212460011EB34 /* Resources */,
			);
			buildRules = (
			);
			dependencies = (
				22E86B931B7212460011EB34 /* PBXTargetDependency */,
			);
			name = DefineTabbarTests;
			productName = DefineTabbarTests;
			productReference = 22E86B911B7212460011EB34 /* DefineTabbarTests.xctest */;
			productType = "com.apple.product-type.bundle.unit-test";
		};
/* End PBXNativeTarget section */

/* Begin PBXProject section */
		22E86B701B7212460011EB34 /* Project object */ = {
			isa = PBXProject;
			attributes = {
				LastUpgradeCheck = 0640;
				ORGANIZATIONNAME = YYC;
				TargetAttributes = {
					22E86B771B7212460011EB34 = {
						CreatedOnToolsVersion = 6.4;
					};
					22E86B901B7212460011EB34 = {
						CreatedOnToolsVersion = 6.4;
						TestTargetID = 22E86B771B7212460011EB34;
					};
				};
			};
			buildConfigurationList = 22E86B731B7212460011EB34 /* Build configuration list for PBXProject "DefineTabbar" */;
			compatibilityVersion = "Xcode 3.2";
			developmentRegion = English;
			hasScannedForEncodings = 0;
			knownRegions = (
				en,
				Base,
			);
			mainGroup = 22E86B6F1B7212460011EB34;
			productRefGroup = 22E86B791B7212460011EB34 /* Products */;
			projectDirPath = "";
			projectRoot = "";
			targets = (
				22E86B771B7212460011EB34 /* DefineTabbar */,
				22E86B901B7212460011EB34 /* DefineTabbarTests */,
			);
		};
/* End PBXProject section */

/* Begin PBXResourcesBuildPhase section */
		22E86B761B7212460011EB34 /* Resources */ = {
			isa = PBXResourcesBuildPhase;
			buildActionMask = 2147483647;
			files = (
				22E86B871B7212460011EB34 /* Main.storyboard in Resources */,
				22E86B8C1B7212460011EB34 /* LaunchScreen.xib in Resources */,
				22E86B891B7212460011EB34 /* Images.xcassets in Resources */,
			);
			runOnlyForDeploymentPostprocessing = 0;
		};
		22E86B8F1B7212460011EB34 /* Resources */ = {
			isa = PBXResourcesBuildPhase;
			buildActionMask = 2147483647;
			files = (
			);
			runOnlyForDeploymentPostprocessing = 0;
		};
/* End PBXResourcesBuildPhase section */

/* Begin PBXSourcesBuildPhase section */
		22E86B741B7212460011EB34 /* Sources */ = {
			isa = PBXSourcesBuildPhase;
			buildActionMask = 2147483647;
			files = (
				22E86BAB1B7212980011EB34 /* SecondViewController.m in Sources */,
				22E86B841B7212460011EB34 /* ViewController.m in Sources */,
				22E86B811B7212460011EB34 /* AppDelegate.m in Sources */,
				22E86B7E1B7212460011EB34 /* main.m in Sources */,
				22E86BA91B7212980011EB34 /* FirstViewController.m in Sources */,
				22E86BAA1B7212980011EB34 /* RootTabbar.m in Sources */,
				22E86BAC1B7212980011EB34 /* ThirdViewController.m in Sources */,
			);
			runOnlyForDeploymentPostprocessing = 0;
		};
		22E86B8D1B7212460011EB34 /* Sources */ = {
			isa = PBXSourcesBuildPhase;
			buildActionMask = 2147483647;
			files = (
				22E86B981B7212460011EB34 /* DefineTabbarTests.m in Sources */,
			);
			runOnlyForDeploymentPostprocessing = 0;
		};
/* End PBXSourcesBuildPhase section */

/* Begin PBXTargetDependency section */
		22E86B931B7212460011EB34 /* PBXTargetDependency */ = {
			isa = PBXTargetDependency;
			target = 22E86B771B7212460011EB34 /* DefineTabbar */;
			targetProxy = 22E86B921B7212460011EB34 /* PBXContainerItemProxy */;
		};
/* End PBXTargetDependency section */

/* Begin PBXVariantGroup section */
		22E86B851B7212460011EB34 /* Main.storyboard */ = {
			isa = PBXVariantGroup;
			children = (
				22E86B861B7212460011EB34 /* Base */,
			);
			name = Main.storyboard;
			sourceTree = "<group>";
		};
		22E86B8A1B7212460011EB34 /* LaunchScreen.xib */ = {
			isa = PBXVariantGroup;
			children = (
				22E86B8B1B7212460011EB34 /* Base */,
			);
			name = LaunchScreen.xib;
			sourceTree = "<group>";
		};
/* End PBXVariantGroup section */

/* Begin XCBuildConfiguration section */
		22E86B991B7212460011EB34 /* Debug */ = {
			isa = XCBuildConfiguration;
			buildSettings = {
				ALWAYS_SEARCH_USER_PATHS = NO;
				CLANG_CXX_LANGUAGE_STANDARD = "gnu++0x";
				CLANG_CXX_LIBRARY = "libc++";
				CLANG_ENABLE_MODULES = YES;
				CLANG_ENABLE_OBJC_ARC = YES;
				CLANG_WARN_BOOL_CONVERSION = YES;
				CLANG_WARN_CONSTANT_CONVERSION = YES;
				CLANG_WARN_DIRECT_OBJC_ISA_USAGE = YES_ERROR;
				CLANG_WARN_EMPTY_BODY = YES;
				CLANG_WARN_ENUM_CONVERSION = YES;
				CLANG_WARN_INT_CONVERSION = YES;
				CLANG_WARN_OBJC_ROOT_CLASS = YES_ERROR;
				CLANG_WARN_UNREACHABLE_CODE = YES;
				CLANG_WARN__DUPLICATE_METHOD_MATCH = YES;
				"CODE_SIGN_IDENTITY[sdk=iphoneos*]" = "iPhone Developer";
				COPY_PHASE_STRIP = NO;
				DEBUG_INFORMATION_FORMAT = "dwarf-with-dsym";
				ENABLE_STRICT_OBJC_MSGSEND = YES;
				GCC_C_LANGUAGE_STANDARD = gnu99;
				GCC_DYNAMIC_NO_PIC = NO;
				GCC_NO_COMMON_BLOCKS = YES;
				GCC_OPTIMIZATION_LEVEL = 0;
				GCC_PREPROCESSOR_DEFINITIONS = (
					"DEBUG=1",
					"$(inherited)",
				);
				GCC_SYMBOLS_PRIVATE_EXTERN = NO;
				GCC_WARN_64_TO_32_BIT_CONVERSION = YES;
				GCC_WARN_ABOUT_RETURN_TYPE = YES_ERROR;
				GCC_WARN_UNDECLARED_SELECTOR = YES;
				GCC_WARN_UNINITIALIZED_AUTOS = YES_AGGRESSIVE;
				GCC_WARN_UNUSED_FUNCTION = YES;
				GCC_WARN_UNUSED_VARIABLE = YES;
				IPHONEOS_DEPLOYMENT_TARGET = 8.4;
				MTL_ENABLE_DEBUG_INFO = YES;
				ONLY_ACTIVE_ARCH = YES;
				SDKROOT = iphoneos;
			};
			name = Debug;
		};
		22E86B9A1B7212460011EB34 /* Release */ = {
			isa = XCBuildConfiguration;
			buildSettings = {
				ALWAYS_SEARCH_USER_PATHS = NO;
				CLANG_CXX_LANGUAGE_STANDARD = "gnu++0x";
				CLANG_CXX_LIBRARY = "libc++";
				CLANG_ENABLE_MODULES = YES;
				CLANG_ENABLE_OBJC_ARC = YES;
				CLANG_WARN_BOOL_CONVERSION = YES;
				CLANG_WARN_CONSTANT_CONVERSION = YES;
				CLANG_WARN_DIRECT_OBJC_ISA_USAGE = YES_ERROR;
				CLANG_WARN_EMPTY_BODY = YES;
				CLANG_WARN_ENUM_CONVERSION = YES;
				CLANG_WARN_INT_CONVERSION = YES;
				CLANG_WARN_OBJC_ROOT_CLASS = YES_ERROR;
				CLANG_WARN_UNREACHABLE_CODE = YES;
				CLANG_WARN__DUPLICATE_METHOD_MATCH = YES;
				"CODE_SIGN_IDENTITY[sdk=iphoneos*]" = "iPhone Developer";
				COPY_PHASE_STRIP = NO;
				DEBUG_INFORMATION_FORMAT = "dwarf-with-dsym";
				ENABLE_NS_ASSERTIONS = NO;
				ENABLE_STRICT_OBJC_MSGSEND = YES;
				GCC_C_LANGUAGE_STANDARD = gnu99;
				GCC_NO_COMMON_BLOCKS = YES;
				GCC_WARN_64_TO_32_BIT_CONVERSION = YES;
				GCC_WARN_ABOUT_RETURN_TYPE = YES_ERROR;
				GCC_WARN_UNDECLARED_SELECTOR = YES;
				GCC_WARN_UNINITIALIZED_AUTOS = YES_AGGRESSIVE;
				GCC_WARN_UNUSED_FUNCTION = YES;
				GCC_WARN_UNUSED_VARIABLE = YES;
				IPHONEOS_DEPLOYMENT_TARGET = 8.4;
				MTL_ENABLE_DEBUG_INFO = NO;
				SDKROOT = iphoneos;
				VALIDATE_PRODUCT = YES;
			};
			name = Release;
		};
		22E86B9C1B7212460011EB34 /* Debug */ = {
			isa = XCBuildConfiguration;
			buildSettings = {
				ASSETCATALOG_COMPILER_APPICON_NAME = AppIcon;
				INFOPLIST_FILE = DefineTabbar/Info.plist;
				IPHONEOS_DEPLOYMENT_TARGET = 6.1;
				LD_RUNPATH_SEARCH_PATHS = "$(inherited) @executable_path/Frameworks";
				PRODUCT_NAME = "$(TARGET_NAME)";
			};
			name = Debug;
		};
		22E86B9D1B7212460011EB34 /* Release */ = {
			isa = XCBuildConfiguration;
			buildSettings = {
				ASSETCATALOG_COMPILER_APPICON_NAME = AppIcon;
				INFOPLIST_FILE = DefineTabbar/Info.plist;
				IPHONEOS_DEPLOYMENT_TARGET = 6.1;
				LD_RUNPATH_SEARCH_PATHS = "$(inherited) @executable_path/Frameworks";
				PRODUCT_NAME = "$(TARGET_NAME)";
			};
			name = Release;
		};
		22E86B9F1B7212460011EB34 /* Debug */ = {
			isa = XCBuildConfiguration;
			buildSettings = {
				BUNDLE_LOADER = "$(TEST_HOST)";
				FRAMEWORK_SEARCH_PATHS = (
					"$(SDKROOT)/Developer/Library/Frameworks",
					"$(inherited)",
				);
				GCC_PREPROCESSOR_DEFINITIONS = (
					"DEBUG=1",
					"$(inherited)",
				);
				INFOPLIST_FILE = DefineTabbarTests/Info.plist;
				LD_RUNPATH_SEARCH_PATHS = "$(inherited) @executable_path/Frameworks @loader_path/Frameworks";
				PRODUCT_NAME = "$(TARGET_NAME)";
				TEST_HOST = "$(BUILT_PRODUCTS_DIR)/DefineTabbar.app/DefineTabbar";
			};
			name = Debug;
		};
		22E86BA01B7212460011EB34 /* Release */ = {
			isa = XCBuildConfiguration;
			buildSettings = {
				BUNDLE_LOADER = "$(TEST_HOST)";
				FRAMEWORK_SEARCH_PATHS = (
					"$(SDKROOT)/Developer/Library/Frameworks",
					"$(inherited)",
				);
				INFOPLIST_FILE = DefineTabbarTests/Info.plist;
				LD_RUNPATH_SEARCH_PATHS = "$(inherited) @executable_path/Frameworks @loader_path/Frameworks";
				PRODUCT_NAME = "$(TARGET_NAME)";
				TEST_HOST = "$(BUILT_PRODUCTS_DIR)/DefineTabbar.app/DefineTabbar";
			};
			name = Release;
		};
/* End XCBuildConfiguration section */

/* Begin XCConfigurationList section */
		22E86B731B7212460011EB34 /* Build configuration list for PBXProject "DefineTabbar" */ = {
			isa = XCConfigurationList;
			buildConfigurations = (
				22E86B991B7212460011EB34 /* Debug */,
				22E86B9A1B7212460011EB34 /* Release */,
			);
			defaultConfigurationIsVisible = 0;
			defaultConfigurationName = Release;
		};
		22E86B9B1B7212460011EB34 /* Build configuration list for PBXNativeTarget "DefineTabbar" */ = {
			isa = XCConfigurationList;
			buildConfigurations = (
				22E86B9C1B7212460011EB34 /* Debug */,
				22E86B9D1B7212460011EB34 /* Release */,
			);
			defaultConfigurationIsVisible = 0;
		};
		22E86B9E1B7212460011EB34 /* Build configuration list for PBXNativeTarget "DefineTabbarTests" */ = {
			isa = XCConfigurationList;
			buildConfigurations = (
				22E86B9F1B7212460011EB34 /* Debug */,
				22E86BA01B7212460011EB34 /* Release */,
			);
			defaultConfigurationIsVisible = 0;
		};
/* End XCConfigurationList section */
	};
	rootObject = 22E86B701B7212460011EB34 /* Project object */;
}
